<?xml version="1.0" encoding="utf-8"?>
<Project ToolsVersion="4.0" xmlns="http://schemas.microsoft.com/developer/msbuild/2003">
  <ItemGroup>
    <ClInclude Include="include\AutomatCore.h">
      <Filter>Sources</Filter>
    </ClInclude>
    <ClInclude Include="automatcore_global.h">
      <Filter>Sources</Filter>
    </ClInclude>
    <ClInclude Include="stdafx.h">
      <Filter>Sources</Filter>
    </ClInclude>
    <ClInclude Include="..\Sources\Fields\Abstractions\AbstractField.h">
      <Filter>Field\Abstractions</Filter>
    </ClInclude>
    <ClInclude Include="..\Sources\Fields\Classes\SimpleSquareTestField.h">
      <Filter>Field\Classes</Filter>
    </ClInclude>
    <ClInclude Include="..\Sources\Fields\Classes\FieldSquare.h">
      <Filter>Field\Classes</Filter>
    </ClInclude>
    <ClInclude Include="..\Sources\Fields\Types\Direction.h">
      <Filter>Field\Types</Filter>
    </ClInclude>
    <ClInclude Include="..\Sources\Fields\Types\Directions.h">
      <Filter>Field\Types</Filter>
    </ClInclude>
    <ClInclude Include="..\Sources\Fields\Types\DirectionsStatuses.h">
      <Filter>Field\Types</Filter>
    </ClInclude>
    <ClInclude Include="..\Sources\Fields\Types\Point.h">
      <Filter>Field\Types</Filter>
    </ClInclude>
    <ClInclude Include="..\Sources\Fields\Interfaces\ICellAccess.h">
      <Filter>Field\Interfaces</Filter>
    </ClInclude>
    <ClInclude Include="..\Sources\Fields\Manager\FieldsRecalcer.h">
      <Filter>Field\Manager</Filter>
    </ClInclude>
    <ClInclude Include="..\Sources\Fields\Manager\FieldProperties.h">
      <Filter>Field\Manager</Filter>
    </ClInclude>
    <ClInclude Include="..\Sources\Fields\Manager\FieldsManager.h">
      <Filter>Field\Manager</Filter>
    </ClInclude>
    <ClInclude Include="..\Sources\Automat\Automat.h">
      <Filter>Automat</Filter>
    </ClInclude>
    <ClInclude Include="..\Sources\Cells\Structs\CellLevels.h">
      <Filter>Cells\Structs</Filter>
    </ClInclude>
    <ClInclude Include="..\Sources\Cells\Classes\SurfaceCell.h">
      <Filter>Cells\Classes</Filter>
    </ClInclude>
    <ClInclude Include="..\Sources\General\Interfaces\IManagerIterator.h">
      <Filter>General</Filter>
    </ClInclude>
    <ClInclude Include="..\Sources\General\Interfaces\IContainerManager.h">
      <Filter>General</Filter>
    </ClInclude>
    <ClInclude Include="..\Sources\Fields\Classes\FieldsPredefines.h">
      <Filter>Field\Classes</Filter>
    </ClInclude>
    <ClInclude Include="include\GraphicCell.h">
      <Filter>Sources\Widgets</Filter>
    </ClInclude>
  </ItemGroup>
  <ItemGroup>
    <ClCompile Include="src\AutomatCore.cpp">
      <Filter>Sources</Filter>
    </ClCompile>
    <ClCompile Include="stdafx.cpp">
      <Filter>Sources</Filter>
    </ClCompile>
    <ClCompile Include="..\Sources\Fields\Abstractions\AbstractField.cpp">
      <Filter>Field\Abstractions</Filter>
    </ClCompile>
    <ClCompile Include="..\Sources\Fields\Classes\SimpleSquareTestField.cpp">
      <Filter>Field\Classes</Filter>
    </ClCompile>
    <ClCompile Include="..\Sources\Fields\Classes\FieldSquare.cpp">
      <Filter>Field\Classes</Filter>
    </ClCompile>
    <ClCompile Include="..\Sources\Fields\Types\Direction.cpp">
      <Filter>Field\Types</Filter>
    </ClCompile>
    <ClCompile Include="..\Sources\Fields\Types\Directions.cpp">
      <Filter>Field\Types</Filter>
    </ClCompile>
    <ClCompile Include="..\Sources\Fields\Types\DirectionsStatuses.cpp">
      <Filter>Field\Types</Filter>
    </ClCompile>
    <ClCompile Include="..\Sources\Fields\Types\Point.cpp">
      <Filter>Field\Types</Filter>
    </ClCompile>
    <ClCompile Include="..\Sources\Fields\Manager\FieldsManager.cpp">
      <Filter>Field\Manager</Filter>
    </ClCompile>
    <ClCompile Include="..\Sources\Fields\Manager\FieldsRecalcer.cpp">
      <Filter>Field\Manager</Filter>
    </ClCompile>
    <ClCompile Include="..\Sources\Automat\Automat.cpp">
      <Filter>Automat</Filter>
    </ClCompile>
    <ClCompile Include="..\Sources\Cells\Structs\CellLevels.cpp">
      <Filter>Cells\Structs</Filter>
    </ClCompile>
    <ClCompile Include="..\Sources\Cells\Classes\SurfaceCell.cpp">
      <Filter>Cells\Classes</Filter>
    </ClCompile>
    <ClCompile Include="src\GraphicCell.cpp">
      <Filter>Sources\Widgets</Filter>
    </ClCompile>
  </ItemGroup>
  <ItemGroup>
    <Filter Include="Field">
      <UniqueIdentifier>{5bb29912-711f-4631-b0d9-909cd4402ebb}</UniqueIdentifier>
    </Filter>
    <Filter Include="Sources">
      <UniqueIdentifier>{ec2ab29a-325a-4b5c-bb8a-fda02c7f7524}</UniqueIdentifier>
    </Filter>
    <Filter Include="Field\Abstractions">
      <UniqueIdentifier>{b84ef04b-7ea9-45da-aeb5-5c1113efb3c2}</UniqueIdentifier>
    </Filter>
    <Filter Include="Field\Classes">
      <UniqueIdentifier>{17cd21b3-474b-41e8-b49d-d03d455da32a}</UniqueIdentifier>
    </Filter>
    <Filter Include="Field\Types">
      <UniqueIdentifier>{3ae91199-e9d7-4aef-9056-149fd2d98f40}</UniqueIdentifier>
    </Filter>
    <Filter Include="Field\Interfaces">
      <UniqueIdentifier>{ce1ef2f0-cf36-4383-bea9-8da2255bbcdd}</UniqueIdentifier>
    </Filter>
    <Filter Include="Field\IO">
      <UniqueIdentifier>{bfdc91c3-4bf8-4e8e-9154-1f1880f4a72f}</UniqueIdentifier>
    </Filter>
    <Filter Include="Field\Manager">
      <UniqueIdentifier>{fd5b3b91-9fed-4660-a171-677907a42b77}</UniqueIdentifier>
    </Filter>
    <Filter Include="Automat">
      <UniqueIdentifier>{c9113dad-137b-440c-b3dd-8da7e2b217b7}</UniqueIdentifier>
    </Filter>
    <Filter Include="Cells">
      <UniqueIdentifier>{79505bca-7dad-41ce-8662-f60b3559af66}</UniqueIdentifier>
    </Filter>
    <Filter Include="Cells\Classes">
      <UniqueIdentifier>{350d34ae-9ebb-4eca-bac0-32e587a019d2}</UniqueIdentifier>
    </Filter>
    <Filter Include="Cells\Structs">
      <UniqueIdentifier>{b3473bda-fefa-4b31-a779-bdbedf15c58d}</UniqueIdentifier>
    </Filter>
    <Filter Include="General">
      <UniqueIdentifier>{3cc120c0-56fe-43eb-953d-f99f391706ca}</UniqueIdentifier>
    </Filter>
    <Filter Include="Sources\Widgets">
      <UniqueIdentifier>{e5585a15-a403-4376-8288-8e1f60b8fc4e}</UniqueIdentifier>
    </Filter>
  </ItemGroup>
</Project>